
Microsoft Visual Studio Solution File, Format Version 12.00
# Visual Studio Version 16
VisualStudioVersion = 16.0.32002.261
MinimumVisualStudioVersion = 10.0.40219.1
Project("{FAE04EC0-301F-11D3-BF4B-00C04F79EFBC}") = "Assembly-CSharp", "Assembly-CSharp.csproj", "{29392A51-3CFD-D311-F095-F925AACC0A96}"
EndProject
Project("{FAE04EC0-301F-11D3-BF4B-00C04F79EFBC}") = "Assembly-CSharp-firstpass", "Assembly-CSharp-firstpass.csproj", "{97EF64BA-179F-D29C-4031-AE1610FB6171}"
EndProject
Project("{FAE04EC0-301F-11D3-BF4B-00C04F79EFBC}") = "Assembly-CSharp-Editor", "Assembly-CSharp-Editor.csproj", "{EDBD9191-E957-FD9B-F637-7CDAD48601CC}"
EndProject
Global
	GlobalSection(SolutionConfigurationPlatforms) = preSolution
		Debug|Any CPU = Debug|Any CPU
		Release|Any CPU = Release|Any CPU
	EndGlobalSection
	GlobalSection(ProjectConfigurationPlatforms) = postSolution
		{29392A51-3CFD-D311-F095-F925AACC0A96}.Debug|Any CPU.ActiveCfg = Debug|Any CPU
		{29392A51-3CFD-D311-F095-F925AACC0A96}.Debug|Any CPU.Build.0 = Debug|Any CPU
		{29392A51-3CFD-D311-F095-F925AACC0A96}.Release|Any CPU.ActiveCfg = Release|Any CPU
		{29392A51-3CFD-D311-F095-F925AACC0A96}.Release|Any CPU.Build.0 = Release|Any CPU
		{97EF64BA-179F-D29C-4031-AE1610FB6171}.Debug|Any CPU.ActiveCfg = Debug|Any CPU
		{97EF64BA-179F-D29C-4031-AE1610FB6171}.Debug|Any CPU.Build.0 = Debug|Any CPU
		{97EF64BA-179F-D29C-4031-AE1610FB6171}.Release|Any CPU.ActiveCfg = Release|Any CPU
		{97EF64BA-179F-D29C-4031-AE1610FB6171}.Release|Any CPU.Build.0 = Release|Any CPU
		{EDBD9191-E957-FD9B-F637-7CDAD48601CC}.Debug|Any CPU.ActiveCfg = Debug|Any CPU
		{EDBD9191-E957-FD9B-F637-7CDAD48601CC}.Debug|Any CPU.Build.0 = Debug|Any CPU
		{EDBD9191-E957-FD9B-F637-7CDAD48601CC}.Release|Any CPU.ActiveCfg = Release|Any CPU
		{EDBD9191-E957-FD9B-F637-7CDAD48601CC}.Release|Any CPU.Build.0 = Release|Any CPU
	EndGlobalSection
	GlobalSection(SolutionProperties) = preSolution
		HideSolutionNode = FALSE
	EndGlobalSection
	GlobalSection(ExtensibilityGlobals) = postSolution
		SolutionGuid = {81387830-9E4D-4F20-9501-27F9016FE716}
	EndGlobalSection
EndGlobal
